{
  "version": 4,
  "terraform_version": "1.3.7",
  "serial": 104,
  "lineage": "774c9faf-5425-2b7d-23b8-deee699e1dad",
  "outputs": {},
  "resources": [
    {
      "mode": "managed",
      "type": "azurerm_linux_virtual_machine",
      "name": "ansible-vm",
      "provider": "provider[\"registry.terraform.io/hashicorp/azurerm\"]",
      "instances": [
        {
          "index_key": 0,
          "schema_version": 0,
          "attributes": {
            "additional_capabilities": [],
            "admin_password": "Admin123!",
            "admin_ssh_key": [],
            "admin_username": "azureuser",
            "allow_extension_operations": true,
            "availability_set_id": "",
            "boot_diagnostics": [],
            "capacity_reservation_group_id": "",
            "computer_name": "ansible-master",
            "custom_data": null,
            "dedicated_host_group_id": "",
            "dedicated_host_id": "",
            "disable_password_authentication": false,
            "edge_zone": "",
            "encryption_at_host_enabled": false,
            "eviction_policy": "",
            "extensions_time_budget": "PT1H30M",
            "gallery_application": [],
            "id": "/subscriptions/f219bbdf-ff8b-4e04-8708-87908ff5e410/resourceGroups/Ansible-Project/providers/Microsoft.Compute/virtualMachines/ansible-master",
            "identity": [],
            "license_type": "",
            "location": "canadacentral",
            "max_bid_price": -1,
            "name": "ansible-master",
            "network_interface_ids": [
              "/subscriptions/f219bbdf-ff8b-4e04-8708-87908ff5e410/resourceGroups/Ansible-Project/providers/Microsoft.Network/networkInterfaces/ansible-nic-0"
            ],
            "os_disk": [
              {
                "caching": "ReadWrite",
                "diff_disk_settings": [],
                "disk_encryption_set_id": "",
                "disk_size_gb": 30,
                "name": "master-osdisk-0",
                "secure_vm_disk_encryption_set_id": "",
                "security_encryption_type": "",
                "storage_account_type": "Standard_LRS",
                "write_accelerator_enabled": false
              }
            ],
            "patch_assessment_mode": "ImageDefault",
            "patch_mode": "ImageDefault",
            "plan": [],
            "platform_fault_domain": -1,
            "priority": "Regular",
            "private_ip_address": "10.0.1.4",
            "private_ip_addresses": [
              "10.0.1.4"
            ],
            "provision_vm_agent": true,
            "proximity_placement_group_id": "",
            "public_ip_address": "20.151.117.174",
            "public_ip_addresses": [
              "20.151.117.174"
            ],
            "resource_group_name": "Ansible-Project",
            "secret": [],
            "secure_boot_enabled": false,
            "size": "Standard_B1s",
            "source_image_id": "",
            "source_image_reference": [
              {
                "offer": "UbuntuServer",
                "publisher": "Canonical",
                "sku": "18.04-LTS",
                "version": "latest"
              }
            ],
            "tags": {},
            "termination_notification": [],
            "timeouts": null,
            "user_data": "",
            "virtual_machine_id": "790cb40e-4ed1-4ce9-bd42-da3eb25f9164",
            "virtual_machine_scale_set_id": "",
            "vtpm_enabled": false,
            "zone": ""
          },
          "sensitive_attributes": [],
          "private": "eyJlMmJmYjczMC1lY2FhLTExZTYtOGY4OC0zNDM2M2JjN2M0YzAiOnsiY3JlYXRlIjoyNzAwMDAwMDAwMDAwLCJkZWxldGUiOjI3MDAwMDAwMDAwMDAsInJlYWQiOjMwMDAwMDAwMDAwMCwidXBkYXRlIjoyNzAwMDAwMDAwMDAwfX0=",
          "dependencies": [
            "azurerm_network_interface.ans-nic",
            "azurerm_public_ip.ansible-pub",
            "azurerm_subnet.ans-sub",
            "azurerm_virtual_network.ans-vnet"
          ]
        },
        {
          "index_key": 1,
          "schema_version": 0,
          "attributes": {
            "additional_capabilities": [],
            "admin_password": "Admin123!",
            "admin_ssh_key": [],
            "admin_username": "azureuser",
            "allow_extension_operations": true,
            "availability_set_id": "",
            "boot_diagnostics": [],
            "capacity_reservation_group_id": "",
            "computer_name": "ansible-vm-1",
            "custom_data": null,
            "dedicated_host_group_id": "",
            "dedicated_host_id": "",
            "disable_password_authentication": false,
            "edge_zone": "",
            "encryption_at_host_enabled": false,
            "eviction_policy": "",
            "extensions_time_budget": "PT1H30M",
            "gallery_application": [],
            "id": "/subscriptions/f219bbdf-ff8b-4e04-8708-87908ff5e410/resourceGroups/Ansible-Project/providers/Microsoft.Compute/virtualMachines/ansible-vm-1",
            "identity": [],
            "license_type": "",
            "location": "canadacentral",
            "max_bid_price": -1,
            "name": "ansible-vm-1",
            "network_interface_ids": [
              "/subscriptions/f219bbdf-ff8b-4e04-8708-87908ff5e410/resourceGroups/Ansible-Project/providers/Microsoft.Network/networkInterfaces/ansible-nic-1"
            ],
            "os_disk": [
              {
                "caching": "ReadWrite",
                "diff_disk_settings": [],
                "disk_encryption_set_id": "",
                "disk_size_gb": 30,
                "name": "ansible-osdisk-1",
                "secure_vm_disk_encryption_set_id": "",
                "security_encryption_type": "",
                "storage_account_type": "Standard_LRS",
                "write_accelerator_enabled": false
              }
            ],
            "patch_assessment_mode": "ImageDefault",
            "patch_mode": "ImageDefault",
            "plan": [],
            "platform_fault_domain": -1,
            "priority": "Regular",
            "private_ip_address": "10.0.1.5",
            "private_ip_addresses": [
              "10.0.1.5"
            ],
            "provision_vm_agent": true,
            "proximity_placement_group_id": "",
            "public_ip_address": "",
            "public_ip_addresses": [],
            "resource_group_name": "Ansible-Project",
            "secret": [],
            "secure_boot_enabled": false,
            "size": "Standard_B1s",
            "source_image_id": "",
            "source_image_reference": [
              {
                "offer": "UbuntuServer",
                "publisher": "Canonical",
                "sku": "18.04-LTS",
                "version": "latest"
              }
            ],
            "tags": {},
            "termination_notification": [],
            "timeouts": null,
            "user_data": "",
            "virtual_machine_id": "620e62d8-a40d-4e3f-86e9-521967b76be0",
            "virtual_machine_scale_set_id": "",
            "vtpm_enabled": false,
            "zone": ""
          },
          "sensitive_attributes": [],
          "private": "eyJlMmJmYjczMC1lY2FhLTExZTYtOGY4OC0zNDM2M2JjN2M0YzAiOnsiY3JlYXRlIjoyNzAwMDAwMDAwMDAwLCJkZWxldGUiOjI3MDAwMDAwMDAwMDAsInJlYWQiOjMwMDAwMDAwMDAwMCwidXBkYXRlIjoyNzAwMDAwMDAwMDAwfX0=",
          "dependencies": [
            "azurerm_network_interface.ans-nic",
            "azurerm_public_ip.ansible-pub",
            "azurerm_subnet.ans-sub",
            "azurerm_virtual_network.ans-vnet"
          ]
        },
        {
          "index_key": 2,
          "schema_version": 0,
          "attributes": {
            "additional_capabilities": [],
            "admin_password": "Admin123!",
            "admin_ssh_key": [],
            "admin_username": "azureuser",
            "allow_extension_operations": true,
            "availability_set_id": "",
            "boot_diagnostics": [],
            "capacity_reservation_group_id": "",
            "computer_name": "ansible-vm-2",
            "custom_data": null,
            "dedicated_host_group_id": "",
            "dedicated_host_id": "",
            "disable_password_authentication": false,
            "edge_zone": "",
            "encryption_at_host_enabled": false,
            "eviction_policy": "",
            "extensions_time_budget": "PT1H30M",
            "gallery_application": [],
            "id": "/subscriptions/f219bbdf-ff8b-4e04-8708-87908ff5e410/resourceGroups/Ansible-Project/providers/Microsoft.Compute/virtualMachines/ansible-vm-2",
            "identity": [],
            "license_type": "",
            "location": "canadacentral",
            "max_bid_price": -1,
            "name": "ansible-vm-2",
            "network_interface_ids": [
              "/subscriptions/f219bbdf-ff8b-4e04-8708-87908ff5e410/resourceGroups/Ansible-Project/providers/Microsoft.Network/networkInterfaces/ansible-nic-2"
            ],
            "os_disk": [
              {
                "caching": "ReadWrite",
                "diff_disk_settings": [],
                "disk_encryption_set_id": "",
                "disk_size_gb": 30,
                "name": "ansible-osdisk-2",
                "secure_vm_disk_encryption_set_id": "",
                "security_encryption_type": "",
                "storage_account_type": "Standard_LRS",
                "write_accelerator_enabled": false
              }
            ],
            "patch_assessment_mode": "ImageDefault",
            "patch_mode": "ImageDefault",
            "plan": [],
            "platform_fault_domain": -1,
            "priority": "Regular",
            "private_ip_address": "10.0.1.6",
            "private_ip_addresses": [
              "10.0.1.6"
            ],
            "provision_vm_agent": true,
            "proximity_placement_group_id": "",
            "public_ip_address": "",
            "public_ip_addresses": [],
            "resource_group_name": "Ansible-Project",
            "secret": [],
            "secure_boot_enabled": false,
            "size": "Standard_B1s",
            "source_image_id": "",
            "source_image_reference": [
              {
                "offer": "UbuntuServer",
                "publisher": "Canonical",
                "sku": "18.04-LTS",
                "version": "latest"
              }
            ],
            "tags": {},
            "termination_notification": [],
            "timeouts": null,
            "user_data": "",
            "virtual_machine_id": "ff805f3e-c442-47a2-b18b-459433ba9154",
            "virtual_machine_scale_set_id": "",
            "vtpm_enabled": false,
            "zone": ""
          },
          "sensitive_attributes": [],
          "private": "eyJlMmJmYjczMC1lY2FhLTExZTYtOGY4OC0zNDM2M2JjN2M0YzAiOnsiY3JlYXRlIjoyNzAwMDAwMDAwMDAwLCJkZWxldGUiOjI3MDAwMDAwMDAwMDAsInJlYWQiOjMwMDAwMDAwMDAwMCwidXBkYXRlIjoyNzAwMDAwMDAwMDAwfX0=",
          "dependencies": [
            "azurerm_network_interface.ans-nic",
            "azurerm_public_ip.ansible-pub",
            "azurerm_subnet.ans-sub",
            "azurerm_virtual_network.ans-vnet"
          ]
        }
      ]
    },
    {
      "mode": "managed",
      "type": "azurerm_network_interface",
      "name": "ans-nic",
      "provider": "provider[\"registry.terraform.io/hashicorp/azurerm\"]",
      "instances": [
        {
          "index_key": 0,
          "schema_version": 0,
          "attributes": {
            "applied_dns_servers": [],
            "dns_servers": [],
            "edge_zone": "",
            "enable_accelerated_networking": false,
            "enable_ip_forwarding": false,
            "id": "/subscriptions/f219bbdf-ff8b-4e04-8708-87908ff5e410/resourceGroups/Ansible-Project/providers/Microsoft.Network/networkInterfaces/ansible-nic-0",
            "internal_dns_name_label": "",
            "internal_domain_name_suffix": "b3vcvnoll34ufliip4yvlri0fe.ux.internal.cloudapp.net",
            "ip_configuration": [
              {
                "gateway_load_balancer_frontend_ip_configuration_id": "",
                "name": "ansible-ipconfig",
                "primary": true,
                "private_ip_address": "10.0.1.4",
                "private_ip_address_allocation": "Dynamic",
                "private_ip_address_version": "IPv4",
                "public_ip_address_id": "/subscriptions/f219bbdf-ff8b-4e04-8708-87908ff5e410/resourceGroups/Ansible-Project/providers/Microsoft.Network/publicIPAddresses/ansible-publicip-0",
                "subnet_id": "/subscriptions/f219bbdf-ff8b-4e04-8708-87908ff5e410/resourceGroups/Ansible-Project/providers/Microsoft.Network/virtualNetworks/ansible-vnet/subnets/ansible-subnet"
              }
            ],
            "location": "canadacentral",
            "mac_address": "00-22-48-B0-32-28",
            "name": "ansible-nic-0",
            "private_ip_address": "10.0.1.4",
            "private_ip_addresses": [
              "10.0.1.4"
            ],
            "resource_group_name": "Ansible-Project",
            "tags": {},
            "timeouts": null,
            "virtual_machine_id": "/subscriptions/f219bbdf-ff8b-4e04-8708-87908ff5e410/resourceGroups/Ansible-Project/providers/Microsoft.Compute/virtualMachines/ansible-master"
          },
          "sensitive_attributes": [],
          "private": "eyJlMmJmYjczMC1lY2FhLTExZTYtOGY4OC0zNDM2M2JjN2M0YzAiOnsiY3JlYXRlIjoxODAwMDAwMDAwMDAwLCJkZWxldGUiOjE4MDAwMDAwMDAwMDAsInJlYWQiOjMwMDAwMDAwMDAwMCwidXBkYXRlIjoxODAwMDAwMDAwMDAwfX0=",
          "dependencies": [
            "azurerm_public_ip.ansible-pub",
            "azurerm_subnet.ans-sub",
            "azurerm_virtual_network.ans-vnet"
          ]
        },
        {
          "index_key": 1,
          "schema_version": 0,
          "attributes": {
            "applied_dns_servers": [],
            "dns_servers": [],
            "edge_zone": "",
            "enable_accelerated_networking": false,
            "enable_ip_forwarding": false,
            "id": "/subscriptions/f219bbdf-ff8b-4e04-8708-87908ff5e410/resourceGroups/Ansible-Project/providers/Microsoft.Network/networkInterfaces/ansible-nic-1",
            "internal_dns_name_label": "",
            "internal_domain_name_suffix": "b3vcvnoll34ufliip4yvlri0fe.ux.internal.cloudapp.net",
            "ip_configuration": [
              {
                "gateway_load_balancer_frontend_ip_configuration_id": "",
                "name": "ansible-ipconfig",
                "primary": true,
                "private_ip_address": "10.0.1.5",
                "private_ip_address_allocation": "Dynamic",
                "private_ip_address_version": "IPv4",
                "public_ip_address_id": "",
                "subnet_id": "/subscriptions/f219bbdf-ff8b-4e04-8708-87908ff5e410/resourceGroups/Ansible-Project/providers/Microsoft.Network/virtualNetworks/ansible-vnet/subnets/ansible-subnet"
              }
            ],
            "location": "canadacentral",
            "mac_address": "60-45-BD-61-26-95",
            "name": "ansible-nic-1",
            "private_ip_address": "10.0.1.5",
            "private_ip_addresses": [
              "10.0.1.5"
            ],
            "resource_group_name": "Ansible-Project",
            "tags": {},
            "timeouts": null,
            "virtual_machine_id": "/subscriptions/f219bbdf-ff8b-4e04-8708-87908ff5e410/resourceGroups/Ansible-Project/providers/Microsoft.Compute/virtualMachines/ansible-vm-1"
          },
          "sensitive_attributes": [],
          "private": "eyJlMmJmYjczMC1lY2FhLTExZTYtOGY4OC0zNDM2M2JjN2M0YzAiOnsiY3JlYXRlIjoxODAwMDAwMDAwMDAwLCJkZWxldGUiOjE4MDAwMDAwMDAwMDAsInJlYWQiOjMwMDAwMDAwMDAwMCwidXBkYXRlIjoxODAwMDAwMDAwMDAwfX0=",
          "dependencies": [
            "azurerm_public_ip.ansible-pub",
            "azurerm_subnet.ans-sub",
            "azurerm_virtual_network.ans-vnet"
          ]
        },
        {
          "index_key": 2,
          "schema_version": 0,
          "attributes": {
            "applied_dns_servers": [],
            "dns_servers": [],
            "edge_zone": "",
            "enable_accelerated_networking": false,
            "enable_ip_forwarding": false,
            "id": "/subscriptions/f219bbdf-ff8b-4e04-8708-87908ff5e410/resourceGroups/Ansible-Project/providers/Microsoft.Network/networkInterfaces/ansible-nic-2",
            "internal_dns_name_label": "",
            "internal_domain_name_suffix": "b3vcvnoll34ufliip4yvlri0fe.ux.internal.cloudapp.net",
            "ip_configuration": [
              {
                "gateway_load_balancer_frontend_ip_configuration_id": "",
                "name": "ansible-ipconfig",
                "primary": true,
                "private_ip_address": "10.0.1.6",
                "private_ip_address_allocation": "Dynamic",
                "private_ip_address_version": "IPv4",
                "public_ip_address_id": "",
                "subnet_id": "/subscriptions/f219bbdf-ff8b-4e04-8708-87908ff5e410/resourceGroups/Ansible-Project/providers/Microsoft.Network/virtualNetworks/ansible-vnet/subnets/ansible-subnet"
              }
            ],
            "location": "canadacentral",
            "mac_address": "60-45-BD-5F-15-06",
            "name": "ansible-nic-2",
            "private_ip_address": "10.0.1.6",
            "private_ip_addresses": [
              "10.0.1.6"
            ],
            "resource_group_name": "Ansible-Project",
            "tags": {},
            "timeouts": null,
            "virtual_machine_id": "/subscriptions/f219bbdf-ff8b-4e04-8708-87908ff5e410/resourceGroups/Ansible-Project/providers/Microsoft.Compute/virtualMachines/ansible-vm-2"
          },
          "sensitive_attributes": [],
          "private": "eyJlMmJmYjczMC1lY2FhLTExZTYtOGY4OC0zNDM2M2JjN2M0YzAiOnsiY3JlYXRlIjoxODAwMDAwMDAwMDAwLCJkZWxldGUiOjE4MDAwMDAwMDAwMDAsInJlYWQiOjMwMDAwMDAwMDAwMCwidXBkYXRlIjoxODAwMDAwMDAwMDAwfX0=",
          "dependencies": [
            "azurerm_public_ip.ansible-pub",
            "azurerm_subnet.ans-sub",
            "azurerm_virtual_network.ans-vnet"
          ]
        }
      ]
    },
    {
      "mode": "managed",
      "type": "azurerm_network_security_group",
      "name": "ansible-nsg",
      "provider": "provider[\"registry.terraform.io/hashicorp/azurerm\"]",
      "instances": [
        {
          "schema_version": 0,
          "attributes": {
            "id": "/subscriptions/f219bbdf-ff8b-4e04-8708-87908ff5e410/resourceGroups/Ansible-Project/providers/Microsoft.Network/networkSecurityGroups/ansible-nsg",
            "location": "canadacentral",
            "name": "ansible-nsg",
            "resource_group_name": "Ansible-Project",
            "security_rule": [],
            "tags": {},
            "timeouts": null
          },
          "sensitive_attributes": [],
          "private": "eyJlMmJmYjczMC1lY2FhLTExZTYtOGY4OC0zNDM2M2JjN2M0YzAiOnsiY3JlYXRlIjoxODAwMDAwMDAwMDAwLCJkZWxldGUiOjE4MDAwMDAwMDAwMDAsInJlYWQiOjMwMDAwMDAwMDAwMCwidXBkYXRlIjoxODAwMDAwMDAwMDAwfX0="
        }
      ]
    },
    {
      "mode": "managed",
      "type": "azurerm_public_ip",
      "name": "ansible-pub",
      "provider": "provider[\"registry.terraform.io/hashicorp/azurerm\"]",
      "instances": [
        {
          "index_key": 0,
          "schema_version": 0,
          "attributes": {
            "allocation_method": "Dynamic",
            "ddos_protection_mode": "VirtualNetworkInherited",
            "ddos_protection_plan_id": null,
            "domain_name_label": null,
            "edge_zone": "",
            "fqdn": null,
            "id": "/subscriptions/f219bbdf-ff8b-4e04-8708-87908ff5e410/resourceGroups/Ansible-Project/providers/Microsoft.Network/publicIPAddresses/ansible-publicip-0",
            "idle_timeout_in_minutes": 4,
            "ip_address": "20.151.117.174",
            "ip_tags": {},
            "ip_version": "IPv4",
            "location": "canadacentral",
            "name": "ansible-publicip-0",
            "public_ip_prefix_id": null,
            "resource_group_name": "Ansible-Project",
            "reverse_fqdn": null,
            "sku": "Basic",
            "sku_tier": "Regional",
            "tags": {},
            "timeouts": null,
            "zones": []
          },
          "sensitive_attributes": [],
          "private": "eyJlMmJmYjczMC1lY2FhLTExZTYtOGY4OC0zNDM2M2JjN2M0YzAiOnsiY3JlYXRlIjoxODAwMDAwMDAwMDAwLCJkZWxldGUiOjE4MDAwMDAwMDAwMDAsInJlYWQiOjMwMDAwMDAwMDAwMCwidXBkYXRlIjoxODAwMDAwMDAwMDAwfX0="
        }
      ]
    },
    {
      "mode": "managed",
      "type": "azurerm_resource_group",
      "name": "ansible",
      "provider": "provider[\"registry.terraform.io/hashicorp/azurerm\"]",
      "instances": [
        {
          "schema_version": 0,
          "attributes": {
            "id": "/subscriptions/f219bbdf-ff8b-4e04-8708-87908ff5e410/resourceGroups/Ansible-Project",
            "location": "canadacentral",
            "name": "Ansible-Project",
            "tags": {},
            "timeouts": null
          },
          "sensitive_attributes": [],
          "private": "eyJlMmJmYjczMC1lY2FhLTExZTYtOGY4OC0zNDM2M2JjN2M0YzAiOnsiY3JlYXRlIjo1NDAwMDAwMDAwMDAwLCJkZWxldGUiOjU0MDAwMDAwMDAwMDAsInJlYWQiOjMwMDAwMDAwMDAwMCwidXBkYXRlIjo1NDAwMDAwMDAwMDAwfX0="
        }
      ]
    },
    {
      "mode": "managed",
      "type": "azurerm_subnet",
      "name": "ans-sub",
      "provider": "provider[\"registry.terraform.io/hashicorp/azurerm\"]",
      "instances": [
        {
          "schema_version": 0,
          "attributes": {
            "address_prefixes": [
              "10.0.1.0/24"
            ],
            "delegation": [],
            "enforce_private_link_endpoint_network_policies": false,
            "enforce_private_link_service_network_policies": false,
            "id": "/subscriptions/f219bbdf-ff8b-4e04-8708-87908ff5e410/resourceGroups/Ansible-Project/providers/Microsoft.Network/virtualNetworks/ansible-vnet/subnets/ansible-subnet",
            "name": "ansible-subnet",
            "private_endpoint_network_policies_enabled": true,
            "private_link_service_network_policies_enabled": true,
            "resource_group_name": "Ansible-Project",
            "service_endpoint_policy_ids": [],
            "service_endpoints": [],
            "timeouts": null,
            "virtual_network_name": "ansible-vnet"
          },
          "sensitive_attributes": [],
          "private": "eyJlMmJmYjczMC1lY2FhLTExZTYtOGY4OC0zNDM2M2JjN2M0YzAiOnsiY3JlYXRlIjoxODAwMDAwMDAwMDAwLCJkZWxldGUiOjE4MDAwMDAwMDAwMDAsInJlYWQiOjMwMDAwMDAwMDAwMCwidXBkYXRlIjoxODAwMDAwMDAwMDAwfX0=",
          "dependencies": [
            "azurerm_virtual_network.ans-vnet"
          ]
        }
      ]
    },
    {
      "mode": "managed",
      "type": "azurerm_virtual_network",
      "name": "ans-vnet",
      "provider": "provider[\"registry.terraform.io/hashicorp/azurerm\"]",
      "instances": [
        {
          "schema_version": 0,
          "attributes": {
            "address_space": [
              "10.0.0.0/16"
            ],
            "bgp_community": "",
            "ddos_protection_plan": [],
            "dns_servers": [],
            "edge_zone": "",
            "flow_timeout_in_minutes": 0,
            "guid": "b52a6a0f-5fcb-427d-ad08-7fb155c51a2c",
            "id": "/subscriptions/f219bbdf-ff8b-4e04-8708-87908ff5e410/resourceGroups/Ansible-Project/providers/Microsoft.Network/virtualNetworks/ansible-vnet",
            "location": "canadacentral",
            "name": "ansible-vnet",
            "resource_group_name": "Ansible-Project",
            "subnet": [
              {
                "address_prefix": "10.0.1.0/24",
                "id": "/subscriptions/f219bbdf-ff8b-4e04-8708-87908ff5e410/resourceGroups/Ansible-Project/providers/Microsoft.Network/virtualNetworks/ansible-vnet/subnets/ansible-subnet",
                "name": "ansible-subnet",
                "security_group": ""
              }
            ],
            "tags": {},
            "timeouts": null
          },
          "sensitive_attributes": [],
          "private": "eyJlMmJmYjczMC1lY2FhLTExZTYtOGY4OC0zNDM2M2JjN2M0YzAiOnsiY3JlYXRlIjoxODAwMDAwMDAwMDAwLCJkZWxldGUiOjE4MDAwMDAwMDAwMDAsInJlYWQiOjMwMDAwMDAwMDAwMCwidXBkYXRlIjoxODAwMDAwMDAwMDAwfX0="
        }
      ]
    },
    {
      "mode": "managed",
      "type": "null_resource",
      "name": "update_hosts_file",
      "provider": "provider[\"registry.terraform.io/hashicorp/null\"]",
      "instances": [
        {
          "index_key": 0,
          "schema_version": 0,
          "attributes": {
            "id": "6340128178395346499",
            "triggers": null
          },
          "sensitive_attributes": [],
          "dependencies": [
            "azurerm_linux_virtual_machine.ansible-vm",
            "azurerm_network_interface.ans-nic",
            "azurerm_public_ip.ansible-pub",
            "azurerm_subnet.ans-sub",
            "azurerm_virtual_network.ans-vnet"
          ]
        },
        {
          "index_key": 1,
          "schema_version": 0,
          "attributes": {
            "id": "2575265127632568845",
            "triggers": null
          },
          "sensitive_attributes": [],
          "dependencies": [
            "azurerm_linux_virtual_machine.ansible-vm",
            "azurerm_network_interface.ans-nic",
            "azurerm_public_ip.ansible-pub"
          ]
        },
        {
          "index_key": 2,
          "schema_version": 0,
          "attributes": {
            "id": "3924461233357281050",
            "triggers": null
          },
          "sensitive_attributes": [],
          "dependencies": [
            "azurerm_linux_virtual_machine.ansible-vm",
            "azurerm_network_interface.ans-nic",
            "azurerm_public_ip.ansible-pub"
          ]
        }
      ]
    }
  ],
  "check_results": null
}
